
Microsoft Visual Studio Solution File, Format Version 12.00
# Visual Studio Version 17
VisualStudioVersion = 17.4.33213.308
MinimumVisualStudioVersion = 10.0.40219.1
Project("{FAE04EC0-301F-11D3-BF4B-00C04F79EFBC}") = "AG_A1", "AG_A1\AG_A1.csproj", "{360541B3-EAEC-4AF7-AFE5-54FC07A31746}"
EndProject
Global
	GlobalSection(SolutionConfigurationPlatforms) = preSolution
		Debug|Any CPU = Debug|Any CPU
		Release|Any CPU = Release|Any CPU
	EndGlobalSection
	GlobalSection(ProjectConfigurationPlatforms) = postSolution
		{360541B3-EAEC-4AF7-AFE5-54FC07A31746}.Debug|Any CPU.ActiveCfg = Debug|Any CPU
		{360541B3-EAEC-4AF7-AFE5-54FC07A31746}.Debug|Any CPU.Build.0 = Debug|Any CPU
		{360541B3-EAEC-4AF7-AFE5-54FC07A31746}.Release|Any CPU.ActiveCfg = Release|Any CPU
		{360541B3-EAEC-4AF7-AFE5-54FC07A31746}.Release|Any CPU.Build.0 = Release|Any CPU
	EndGlobalSection
	GlobalSection(SolutionProperties) = preSolution
		HideSolutionNode = FALSE
	EndGlobalSection
	GlobalSection(ExtensibilityGlobals) = postSolution
		SolutionGuid = {CE9275D5-728F-4715-AF70-BBF9481749E2}
	EndGlobalSection
EndGlobal
